Microsoft Visual Studio Solution File, Format Version 12.00
# Visual Studio Version 17
VisualStudioVersion = 17.5.2.0
MinimumVisualStudioVersion = 10.0.40219.1
Project("{FAE04EC0-301F-11D3-BF4B-00C04F79EFBC}") = "BudgetApp.Blazor", "src/BudgetApp.Blazor/BudgetApp.Blazor.csproj", "{01B3FE6A-581D-5422-26BE-6E430BE9E854}"
EndProject
Project("{FAE04EC0-301F-11D3-BF4B-00C04F79EFBC}") = "BudgetApp.Api", "src/BudgetApp.Api/BudgetApp.Api.csproj", "{7E286887-2FC3-6589-E201-DDE40506DBE5}"
EndProject
Global
	GlobalSection(SolutionConfigurationPlatforms) = preSolution
		Debug|Any CPU = Debug|Any CPU
		Release|Any CPU = Release|Any CPU
	EndGlobalSection
	GlobalSection(ProjectConfigurationPlatforms) = postSolution
		{01B3FE6A-581D-5422-26BE-6E430BE9E854}.Debug|Any CPU.ActiveCfg = Debug|Any CPU
		{01B3FE6A-581D-5422-26BE-6E430BE9E854}.Debug|Any CPU.Build.0 = Debug|Any CPU
		{01B3FE6A-581D-5422-26BE-6E430BE9E854}.Release|Any CPU.ActiveCfg = Release|Any CPU
		{01B3FE6A-581D-5422-26BE-6E430BE9E854}.Release|Any CPU.Build.0 = Release|Any CPU
		{7E286887-2FC3-6589-E201-DDE40506DBE5}.Debug|Any CPU.ActiveCfg = Debug|Any CPU
		{7E286887-2FC3-6589-E201-DDE40506DBE5}.Debug|Any CPU.Build.0 = Debug|Any CPU
		{7E286887-2FC3-6589-E201-DDE40506DBE5}.Release|Any CPU.ActiveCfg = Release|Any CPU
		{7E286887-2FC3-6589-E201-DDE40506DBE5}.Release|Any CPU.Build.0 = Release|Any CPU
	EndGlobalSection
	GlobalSection(SolutionProperties) = preSolution
		HideSolutionNode = FALSE
	EndGlobalSection
	GlobalSection(ExtensibilityGlobals) = postSolution
		SolutionGuid = {4DAC7DDB-2094-4598-A525-2F293339BF16}
	EndGlobalSection
EndGlobal
